{
  "name": "@glomex/parcel-optimizer-disable-amd",
  "version": "1.0.0",
  "lockfileVersion": 1,
  "requires": true,
  "dependencies": {
    "@parcel/plugin": {
      "version": "2.0.0-beta.1",
      "resolved": "https://registry.npmjs.org/@parcel/plugin/-/plugin-2.0.0-beta.1.tgz",
      "integrity": "sha512-ik8kwNTJ7wfPRWHQK5NrUat3WGOZazIv8v1Lbgew6XuVTc333FitvBn6mxpPWp2N3+GWWrVGmBG8m7MI6kB8zw==",
      "requires": {
        "@parcel/types": "2.0.0-beta.1"
      }
    },
    "@parcel/types": {
      "version": "2.0.0-beta.1",
      "resolved": "https://registry.npmjs.org/@parcel/types/-/types-2.0.0-beta.1.tgz",
      "integrity": "sha512-2aB5MoEyNUXb34IG1YVRiC5HTHgqWAX8/mM+JGAUit/kTb7eRVtnQtOhQHWyGyLqkEwbLrLo3s272sp5LNK90A=="
    }
  }
}
